
Microsoft Visual Studio Solution File, Format Version 12.00
# Visual Studio Version 17
VisualStudioVersion = 17.0.31903.59
MinimumVisualStudioVersion = 10.0.40219.1
Project("{2150E333-8FDC-42A3-9474-1A3956D46DE8}") = "src", "src", "{827E0CD3-B72D-47B6-A68D-7590B98EB39B}"
EndProject
Project("{FAE04EC0-301F-11D3-BF4B-00C04F79EFBC}") = "Booking.Domain", "src\Booking.Domain\Booking.Domain.csproj", "{0A0914F0-2903-45DC-AFC5-C861D9A77D90}"
EndProject
Project("{FAE04EC0-301F-11D3-BF4B-00C04F79EFBC}") = "Booking.Application", "src\Booking.Application\Booking.Application.csproj", "{F302E6CE-F7C0-454C-8076-B6A1F0A30D2A}"
EndProject
Project("{FAE04EC0-301F-11D3-BF4B-00C04F79EFBC}") = "Booking.Infrastructure", "src\Booking.Infrastructure\Booking.Infrastructure.csproj", "{7C35CB05-B512-42F5-8CC5-4EB88F1D4722}"
EndProject
Project("{FAE04EC0-301F-11D3-BF4B-00C04F79EFBC}") = "Booking.Api", "src\Booking.Api\Booking.Api.csproj", "{55A995FB-C74A-4A22-9C02-7919C56BAAF9}"
EndProject
Project("{FAE04EC0-301F-11D3-BF4B-00C04F79EFBC}") = "Booking.Tests.Unit", "tests\Booking.Tests.Unit\Booking.Tests.Unit.csproj", "{8312FE5B-A224-4FF6-AC0A-060036A522B6}"
EndProject
Project("{FAE04EC0-301F-11D3-BF4B-00C04F79EFBC}") = "Booking.Tests.Integration", "tests\Booking.Tests.Integration\Booking.Tests.Integration.csproj", "{92DD9027-9141-424F-9C8E-AF7E0E50E59B}"
EndProject
Global
	GlobalSection(SolutionConfigurationPlatforms) = preSolution
		Debug|Any CPU = Debug|Any CPU
		Debug|x64 = Debug|x64
		Debug|x86 = Debug|x86
		Release|Any CPU = Release|Any CPU
		Release|x64 = Release|x64
		Release|x86 = Release|x86
	EndGlobalSection
	GlobalSection(ProjectConfigurationPlatforms) = postSolution
		{0A0914F0-2903-45DC-AFC5-C861D9A77D90}.Debug|Any CPU.ActiveCfg = Debug|Any CPU
		{0A0914F0-2903-45DC-AFC5-C861D9A77D90}.Debug|Any CPU.Build.0 = Debug|Any CPU
		{0A0914F0-2903-45DC-AFC5-C861D9A77D90}.Debug|x64.ActiveCfg = Debug|Any CPU
		{0A0914F0-2903-45DC-AFC5-C861D9A77D90}.Debug|x64.Build.0 = Debug|Any CPU
		{0A0914F0-2903-45DC-AFC5-C861D9A77D90}.Debug|x86.ActiveCfg = Debug|Any CPU
		{0A0914F0-2903-45DC-AFC5-C861D9A77D90}.Debug|x86.Build.0 = Debug|Any CPU
		{0A0914F0-2903-45DC-AFC5-C861D9A77D90}.Release|Any CPU.ActiveCfg = Release|Any CPU
		{0A0914F0-2903-45DC-AFC5-C861D9A77D90}.Release|Any CPU.Build.0 = Release|Any CPU
		{0A0914F0-2903-45DC-AFC5-C861D9A77D90}.Release|x64.ActiveCfg = Release|Any CPU
		{0A0914F0-2903-45DC-AFC5-C861D9A77D90}.Release|x64.Build.0 = Release|Any CPU
		{0A0914F0-2903-45DC-AFC5-C861D9A77D90}.Release|x86.ActiveCfg = Release|Any CPU
		{0A0914F0-2903-45DC-AFC5-C861D9A77D90}.Release|x86.Build.0 = Release|Any CPU
		{F302E6CE-F7C0-454C-8076-B6A1F0A30D2A}.Debug|Any CPU.ActiveCfg = Debug|Any CPU
		{F302E6CE-F7C0-454C-8076-B6A1F0A30D2A}.Debug|Any CPU.Build.0 = Debug|Any CPU
		{F302E6CE-F7C0-454C-8076-B6A1F0A30D2A}.Debug|x64.ActiveCfg = Debug|Any CPU
		{F302E6CE-F7C0-454C-8076-B6A1F0A30D2A}.Debug|x64.Build.0 = Debug|Any CPU
		{F302E6CE-F7C0-454C-8076-B6A1F0A30D2A}.Debug|x86.ActiveCfg = Debug|Any CPU
		{F302E6CE-F7C0-454C-8076-B6A1F0A30D2A}.Debug|x86.Build.0 = Debug|Any CPU
		{F302E6CE-F7C0-454C-8076-B6A1F0A30D2A}.Release|Any CPU.ActiveCfg = Release|Any CPU
		{F302E6CE-F7C0-454C-8076-B6A1F0A30D2A}.Release|Any CPU.Build.0 = Release|Any CPU
		{F302E6CE-F7C0-454C-8076-B6A1F0A30D2A}.Release|x64.ActiveCfg = Release|Any CPU
		{F302E6CE-F7C0-454C-8076-B6A1F0A30D2A}.Release|x64.Build.0 = Release|Any CPU
		{F302E6CE-F7C0-454C-8076-B6A1F0A30D2A}.Release|x86.ActiveCfg = Release|Any CPU
		{F302E6CE-F7C0-454C-8076-B6A1F0A30D2A}.Release|x86.Build.0 = Release|Any CPU
		{7C35CB05-B512-42F5-8CC5-4EB88F1D4722}.Debug|Any CPU.ActiveCfg = Debug|Any CPU
		{7C35CB05-B512-42F5-8CC5-4EB88F1D4722}.Debug|Any CPU.Build.0 = Debug|Any CPU
		{7C35CB05-B512-42F5-8CC5-4EB88F1D4722}.Debug|x64.ActiveCfg = Debug|Any CPU
		{7C35CB05-B512-42F5-8CC5-4EB88F1D4722}.Debug|x64.Build.0 = Debug|Any CPU
		{7C35CB05-B512-42F5-8CC5-4EB88F1D4722}.Debug|x86.ActiveCfg = Debug|Any CPU
		{7C35CB05-B512-42F5-8CC5-4EB88F1D4722}.Debug|x86.Build.0 = Debug|Any CPU
		{7C35CB05-B512-42F5-8CC5-4EB88F1D4722}.Release|Any CPU.ActiveCfg = Release|Any CPU
		{7C35CB05-B512-42F5-8CC5-4EB88F1D4722}.Release|Any CPU.Build.0 = Release|Any CPU
		{7C35CB05-B512-42F5-8CC5-4EB88F1D4722}.Release|x64.ActiveCfg = Release|Any CPU
		{7C35CB05-B512-42F5-8CC5-4EB88F1D4722}.Release|x64.Build.0 = Release|Any CPU
		{7C35CB05-B512-42F5-8CC5-4EB88F1D4722}.Release|x86.ActiveCfg = Release|Any CPU
		{7C35CB05-B512-42F5-8CC5-4EB88F1D4722}.Release|x86.Build.0 = Release|Any CPU
		{55A995FB-C74A-4A22-9C02-7919C56BAAF9}.Debug|Any CPU.ActiveCfg = Debug|Any CPU
		{55A995FB-C74A-4A22-9C02-7919C56BAAF9}.Debug|Any CPU.Build.0 = Debug|Any CPU
		{55A995FB-C74A-4A22-9C02-7919C56BAAF9}.Debug|x64.ActiveCfg = Debug|Any CPU
		{55A995FB-C74A-4A22-9C02-7919C56BAAF9}.Debug|x64.Build.0 = Debug|Any CPU
		{55A995FB-C74A-4A22-9C02-7919C56BAAF9}.Debug|x86.ActiveCfg = Debug|Any CPU
		{55A995FB-C74A-4A22-9C02-7919C56BAAF9}.Debug|x86.Build.0 = Debug|Any CPU
		{55A995FB-C74A-4A22-9C02-7919C56BAAF9}.Release|Any CPU.ActiveCfg = Release|Any CPU
		{55A995FB-C74A-4A22-9C02-7919C56BAAF9}.Release|Any CPU.Build.0 = Release|Any CPU
		{55A995FB-C74A-4A22-9C02-7919C56BAAF9}.Release|x64.ActiveCfg = Release|Any CPU
		{55A995FB-C74A-4A22-9C02-7919C56BAAF9}.Release|x64.Build.0 = Release|Any CPU
		{55A995FB-C74A-4A22-9C02-7919C56BAAF9}.Release|x86.ActiveCfg = Release|Any CPU
		{55A995FB-C74A-4A22-9C02-7919C56BAAF9}.Release|x86.Build.0 = Release|Any CPU
		{8312FE5B-A224-4FF6-AC0A-060036A522B6}.Debug|Any CPU.ActiveCfg = Debug|Any CPU
		{8312FE5B-A224-4FF6-AC0A-060036A522B6}.Debug|Any CPU.Build.0 = Debug|Any CPU
		{8312FE5B-A224-4FF6-AC0A-060036A522B6}.Debug|x64.ActiveCfg = Debug|Any CPU
		{8312FE5B-A224-4FF6-AC0A-060036A522B6}.Debug|x64.Build.0 = Debug|Any CPU
		{8312FE5B-A224-4FF6-AC0A-060036A522B6}.Debug|x86.ActiveCfg = Debug|Any CPU
		{8312FE5B-A224-4FF6-AC0A-060036A522B6}.Debug|x86.Build.0 = Debug|Any CPU
		{8312FE5B-A224-4FF6-AC0A-060036A522B6}.Release|Any CPU.ActiveCfg = Release|Any CPU
		{8312FE5B-A224-4FF6-AC0A-060036A522B6}.Release|Any CPU.Build.0 = Release|Any CPU
		{8312FE5B-A224-4FF6-AC0A-060036A522B6}.Release|x64.ActiveCfg = Release|Any CPU
		{8312FE5B-A224-4FF6-AC0A-060036A522B6}.Release|x64.Build.0 = Release|Any CPU
		{8312FE5B-A224-4FF6-AC0A-060036A522B6}.Release|x86.ActiveCfg = Release|Any CPU
		{8312FE5B-A224-4FF6-AC0A-060036A522B6}.Release|x86.Build.0 = Release|Any CPU
		{92DD9027-9141-424F-9C8E-AF7E0E50E59B}.Debug|Any CPU.ActiveCfg = Debug|Any CPU
		{92DD9027-9141-424F-9C8E-AF7E0E50E59B}.Debug|Any CPU.Build.0 = Debug|Any CPU
		{92DD9027-9141-424F-9C8E-AF7E0E50E59B}.Debug|x64.ActiveCfg = Debug|Any CPU
		{92DD9027-9141-424F-9C8E-AF7E0E50E59B}.Debug|x64.Build.0 = Debug|Any CPU
		{92DD9027-9141-424F-9C8E-AF7E0E50E59B}.Debug|x86.ActiveCfg = Debug|Any CPU
		{92DD9027-9141-424F-9C8E-AF7E0E50E59B}.Debug|x86.Build.0 = Debug|Any CPU
		{92DD9027-9141-424F-9C8E-AF7E0E50E59B}.Release|Any CPU.ActiveCfg = Release|Any CPU
		{92DD9027-9141-424F-9C8E-AF7E0E50E59B}.Release|Any CPU.Build.0 = Release|Any CPU
		{92DD9027-9141-424F-9C8E-AF7E0E50E59B}.Release|x64.ActiveCfg = Release|Any CPU
		{92DD9027-9141-424F-9C8E-AF7E0E50E59B}.Release|x64.Build.0 = Release|Any CPU
		{92DD9027-9141-424F-9C8E-AF7E0E50E59B}.Release|x86.ActiveCfg = Release|Any CPU
		{92DD9027-9141-424F-9C8E-AF7E0E50E59B}.Release|x86.Build.0 = Release|Any CPU
	EndGlobalSection
	GlobalSection(SolutionProperties) = preSolution
		HideSolutionNode = FALSE
	EndGlobalSection
	GlobalSection(NestedProjects) = preSolution
		{0A0914F0-2903-45DC-AFC5-C861D9A77D90} = {827E0CD3-B72D-47B6-A68D-7590B98EB39B}
		{F302E6CE-F7C0-454C-8076-B6A1F0A30D2A} = {827E0CD3-B72D-47B6-A68D-7590B98EB39B}
		{7C35CB05-B512-42F5-8CC5-4EB88F1D4722} = {827E0CD3-B72D-47B6-A68D-7590B98EB39B}
		{55A995FB-C74A-4A22-9C02-7919C56BAAF9} = {827E0CD3-B72D-47B6-A68D-7590B98EB39B}
		{8312FE5B-A224-4FF6-AC0A-060036A522B6} = {827E0CD3-B72D-47B6-A68D-7590B98EB39B}
		{92DD9027-9141-424F-9C8E-AF7E0E50E59B} = {827E0CD3-B72D-47B6-A68D-7590B98EB39B}
	EndGlobalSection
EndGlobal
